
Microsoft Visual Studio Solution File, Format Version 12.00
# Visual Studio Version 17
VisualStudioVersion = 17.0.32014.148
MinimumVisualStudioVersion = 10.0.40219.1
Project("{FAE04EC0-301F-11D3-BF4B-00C04F79EFBC}") = "DataAccess", "DataAccess\DataAccess.csproj", "{A267B4F0-74E2-471C-960A-FB79D25EFFCA}"
EndProject
Project("{FAE04EC0-301F-11D3-BF4B-00C04F79EFBC}") = "Business", "Business\Business.csproj", "{5042E0FD-A4C0-4C00-A77F-03FE83D7AC64}"
EndProject
Project("{FAE04EC0-301F-11D3-BF4B-00C04F79EFBC}") = "Entities", "Entities\Entities.csproj", "{BF4538DE-1737-4EBC-A0CA-66B96742CF2C}"
EndProject
Project("{FAE04EC0-301F-11D3-BF4B-00C04F79EFBC}") = "ConsoleUI", "ConsoleUI\ConsoleUI.csproj", "{0A757CBB-A484-4227-AD36-6DE560186BD9}"
EndProject
Global
	GlobalSection(SolutionConfigurationPlatforms) = preSolution
		Debug|Any CPU = Debug|Any CPU
		Release|Any CPU = Release|Any CPU
	EndGlobalSection
	GlobalSection(ProjectConfigurationPlatforms) = postSolution
		{A267B4F0-74E2-471C-960A-FB79D25EFFCA}.Debug|Any CPU.ActiveCfg = Debug|Any CPU
		{A267B4F0-74E2-471C-960A-FB79D25EFFCA}.Debug|Any CPU.Build.0 = Debug|Any CPU
		{A267B4F0-74E2-471C-960A-FB79D25EFFCA}.Release|Any CPU.ActiveCfg = Release|Any CPU
		{A267B4F0-74E2-471C-960A-FB79D25EFFCA}.Release|Any CPU.Build.0 = Release|Any CPU
		{5042E0FD-A4C0-4C00-A77F-03FE83D7AC64}.Debug|Any CPU.ActiveCfg = Debug|Any CPU
		{5042E0FD-A4C0-4C00-A77F-03FE83D7AC64}.Debug|Any CPU.Build.0 = Debug|Any CPU
		{5042E0FD-A4C0-4C00-A77F-03FE83D7AC64}.Release|Any CPU.ActiveCfg = Release|Any CPU
		{5042E0FD-A4C0-4C00-A77F-03FE83D7AC64}.Release|Any CPU.Build.0 = Release|Any CPU
		{BF4538DE-1737-4EBC-A0CA-66B96742CF2C}.Debug|Any CPU.ActiveCfg = Debug|Any CPU
		{BF4538DE-1737-4EBC-A0CA-66B96742CF2C}.Debug|Any CPU.Build.0 = Debug|Any CPU
		{BF4538DE-1737-4EBC-A0CA-66B96742CF2C}.Release|Any CPU.ActiveCfg = Release|Any CPU
		{BF4538DE-1737-4EBC-A0CA-66B96742CF2C}.Release|Any CPU.Build.0 = Release|Any CPU
		{0A757CBB-A484-4227-AD36-6DE560186BD9}.Debug|Any CPU.ActiveCfg = Debug|Any CPU
		{0A757CBB-A484-4227-AD36-6DE560186BD9}.Debug|Any CPU.Build.0 = Debug|Any CPU
		{0A757CBB-A484-4227-AD36-6DE560186BD9}.Release|Any CPU.ActiveCfg = Release|Any CPU
		{0A757CBB-A484-4227-AD36-6DE560186BD9}.Release|Any CPU.Build.0 = Release|Any CPU
	EndGlobalSection
	GlobalSection(SolutionProperties) = preSolution
		HideSolutionNode = FALSE
	EndGlobalSection
	GlobalSection(ExtensibilityGlobals) = postSolution
		SolutionGuid = {653811FF-905D-496E-8151-50AA8EB08185}
	EndGlobalSection
EndGlobal
